
Microsoft Visual Studio Solution File, Format Version 12.00
# Visual Studio Version 17
VisualStudioVersion = 17.9.34622.214
MinimumVisualStudioVersion = 10.0.40219.1
Project("{FAE04EC0-301F-11D3-BF4B-00C04F79EFBC}") = "backend", "backend-dotnet7\backend.csproj", "{0FF47909-073E-4887-B2CF-11EC31124A30}"
EndProject
Global
	GlobalSection(SolutionConfigurationPlatforms) = preSolution
		Debug|Any CPU = Debug|Any CPU
		Release|Any CPU = Release|Any CPU
	EndGlobalSection
	GlobalSection(ProjectConfigurationPlatforms) = postSolution
		{0FF47909-073E-4887-B2CF-11EC31124A30}.Debug|Any CPU.ActiveCfg = Debug|Any CPU
		{0FF47909-073E-4887-B2CF-11EC31124A30}.Debug|Any CPU.Build.0 = Debug|Any CPU
		{0FF47909-073E-4887-B2CF-11EC31124A30}.Release|Any CPU.ActiveCfg = Release|Any CPU
		{0FF47909-073E-4887-B2CF-11EC31124A30}.Release|Any CPU.Build.0 = Release|Any CPU
	EndGlobalSection
	GlobalSection(SolutionProperties) = preSolution
		HideSolutionNode = FALSE
	EndGlobalSection
	GlobalSection(ExtensibilityGlobals) = postSolution
		SolutionGuid = {F8A03AD6-B33D-48ED-B055-98251BF86315}
	EndGlobalSection
EndGlobal
